<!--
   Copyright 2026 Alexander Stärk

   Licensed under the Apache License, Version 2.0 (the "License");
   you may not use this file except in compliance with the License.
   You may obtain a copy of the License at

     http://www.apache.org/licenses/LICENSE-2.0

   Unless required by applicable law or agreed to in writing, software
   distributed under the License is distributed on an "AS IS" BASIS,
   WITHOUT WARRANTIES OR CONDITIONS OF ANY KIND, either express or implied.
   See the License for the specific language governing permissions and
   limitations under the License.
-->
<Solution>
  <Folder Name="/Fixtures/">
    <Project Path="Fixtures/Consumer.Framework/Consumer.Framework.csproj" />
    <Project Path="Fixtures/Consumer Framework.Benchmarks/Consumer Framework.Benchmarks.csproj" />
  </Folder>
  <Folder Name="/IntegrationTests/">
    <Project Path="IntegrationTests/CommonFrameworkBuild.Integration.Tests/CommonFrameworkBuild.Integration.Tests.csproj" />
  </Folder>
  <Folder Name="/Solution Items/">
    <File Path="Directory.Build.props" />
    <File Path="Directory.Packages.props" />
    <File Path="README.md" />
  </Folder>
</Solution>